# This file may be used to create an environment using:
# $ conda create --name <env> --file <this file>
# platform: osx-64
@EXPLICIT
https://conda.anaconda.org/conda-forge/osx-64/bzip2-1.0.8-h0d85af4_4.tar.bz2
https://conda.anaconda.org/conda-forge/osx-64/c-ares-1.18.1-h0d85af4_0.tar.bz2
https://conda.anaconda.org/conda-forge/osx-64/ca-certificates-2021.10.8-h033912b_0.tar.bz2
https://conda.anaconda.org/conda-forge/osx-64/jbig-2.1-h0d85af4_2003.tar.bz2
https://conda.anaconda.org/conda-forge/osx-64/jpeg-9d-hbcb3906_0.tar.bz2
https://conda.anaconda.org/conda-forge/osx-64/libbrotlicommon-1.0.9-h0d85af4_6.tar.bz2
https://conda.anaconda.org/conda-forge/osx-64/libcxx-12.0.1-habf9029_0.tar.bz2
https://conda.anaconda.org/conda-forge/osx-64/libdeflate-1.8-h0d85af4_0.tar.bz2
https://conda.anaconda.org/conda-forge/osx-64/libev-4.33-haf1e3a3_1.tar.bz2
https://conda.anaconda.org/conda-forge/osx-64/libffi-3.4.2-h0d85af4_5.tar.bz2
https://conda.anaconda.org/conda-forge/osx-64/libuv-1.42.0-h0d85af4_0.tar.bz2
https://conda.anaconda.org/conda-forge/osx-64/libwebp-base-1.2.1-h0d85af4_0.tar.bz2
https://conda.anaconda.org/conda-forge/osx-64/libzlib-1.2.11-h9173be1_1013.tar.bz2
https://conda.anaconda.org/conda-forge/osx-64/llvm-openmp-12.0.1-hda6cdc1_1.tar.bz2
https://conda.anaconda.org/conda-forge/osx-64/ncurses-6.2-h2e338ed_4.tar.bz2
https://conda.anaconda.org/conda-forge/noarch/tzdata-2021e-he74cb21_0.tar.bz2
https://conda.anaconda.org/conda-forge/osx-64/xxhash-0.8.0-h35c211d_3.tar.bz2
https://conda.anaconda.org/conda-forge/osx-64/xz-5.2.5-haf1e3a3_1.tar.bz2
https://conda.anaconda.org/conda-forge/osx-64/yaml-0.2.5-haf1e3a3_0.tar.bz2
https://conda.anaconda.org/conda-forge/osx-64/expat-2.4.1-he49afe7_0.tar.bz2
https://conda.anaconda.org/conda-forge/osx-64/geos-3.10.1-he49afe7_1.tar.bz2
https://conda.anaconda.org/conda-forge/osx-64/icu-69.1-he49afe7_0.tar.bz2
https://conda.anaconda.org/conda-forge/osx-64/jasper-2.0.33-h013e400_0.tar.bz2
https://conda.anaconda.org/conda-forge/osx-64/lerc-3.0-he49afe7_0.tar.bz2
https://conda.anaconda.org/conda-forge/osx-64/libaec-1.0.6-he49afe7_0.tar.bz2
https://conda.anaconda.org/conda-forge/osx-64/libbrotlidec-1.0.9-h0d85af4_6.tar.bz2
https://conda.anaconda.org/conda-forge/osx-64/libbrotlienc-1.0.9-h0d85af4_6.tar.bz2
https://conda.anaconda.org/conda-forge/osx-64/libedit-3.1.20191231-h0678c8f_2.tar.bz2
https://conda.anaconda.org/conda-forge/osx-64/libgfortran5-9.3.0-h6c81a4c_23.tar.bz2
https://conda.anaconda.org/conda-forge/osx-64/lz4-c-1.9.3-he49afe7_1.tar.bz2
https://conda.anaconda.org/conda-forge/osx-64/openssl-1.1.1l-h0d85af4_0.tar.bz2
https://conda.anaconda.org/conda-forge/osx-64/readline-8.1-h05e3726_0.tar.bz2
https://conda.anaconda.org/conda-forge/osx-64/zlib-1.2.11-h9173be1_1013.tar.bz2
https://conda.anaconda.org/conda-forge/osx-64/brotli-bin-1.0.9-h0d85af4_6.tar.bz2
https://conda.anaconda.org/conda-forge/osx-64/hdf4-4.2.15-hefd3b78_3.tar.bz2
https://conda.anaconda.org/conda-forge/osx-64/libgfortran-5.0.0-9_3_0_h6c81a4c_23.tar.bz2
https://conda.anaconda.org/conda-forge/osx-64/libllvm11-11.1.0-hd011deb_2.tar.bz2
https://conda.anaconda.org/conda-forge/osx-64/libnghttp2-1.43.0-h6f36284_1.tar.bz2
https://conda.anaconda.org/conda-forge/osx-64/libpng-1.6.37-h7cec526_2.tar.bz2
https://conda.anaconda.org/conda-forge/osx-64/libssh2-1.10.0-h52ee1ee_2.tar.bz2
https://conda.anaconda.org/conda-forge/osx-64/libzip-1.8.0-h8b0c345_1.tar.bz2
https://conda.anaconda.org/conda-forge/osx-64/nodejs-17.1.0-h0da8292_1.tar.bz2
https://conda.anaconda.org/conda-forge/osx-64/sqlite-3.37.0-h23a322b_0.tar.bz2
https://conda.anaconda.org/conda-forge/osx-64/tk-8.6.11-h5dbffcc_1.tar.bz2
https://conda.anaconda.org/conda-forge/osx-64/udunits2-2.2.27.27-h06ef574_3.tar.bz2
https://conda.anaconda.org/conda-forge/osx-64/zstd-1.5.0-h582d3a0_0.tar.bz2
https://conda.anaconda.org/conda-forge/osx-64/brotli-1.0.9-h0d85af4_6.tar.bz2
https://conda.anaconda.org/conda-forge/osx-64/freetype-2.10.4-h4cff582_1.tar.bz2
https://conda.anaconda.org/conda-forge/osx-64/krb5-1.19.2-hcfbf3a7_3.tar.bz2
https://conda.anaconda.org/conda-forge/osx-64/libopenblas-0.3.18-openmp_h3351f45_0.tar.bz2
https://conda.anaconda.org/conda-forge/osx-64/libtiff-4.3.0-hd146c10_2.tar.bz2
https://conda.anaconda.org/conda-forge/osx-64/python-3.9.7-h1248fe1_3_cpython.tar.bz2
https://conda.anaconda.org/conda-forge/noarch/appdirs-1.4.4-pyh9f0ad1d_0.tar.bz2
https://conda.anaconda.org/conda-forge/noarch/asciitree-0.3.3-py_2.tar.bz2
https://conda.anaconda.org/conda-forge/noarch/cached_property-1.5.2-pyha770c72_1.tar.bz2
https://conda.anaconda.org/conda-forge/noarch/charset-normalizer-2.0.9-pyhd8ed1ab_0.tar.bz2
https://conda.anaconda.org/conda-forge/noarch/cloudpickle-2.0.0-pyhd8ed1ab_0.tar.bz2
https://conda.anaconda.org/conda-forge/noarch/cycler-0.11.0-pyhd8ed1ab_0.tar.bz2
https://conda.anaconda.org/conda-forge/noarch/entrypoints-0.3-pyhd8ed1ab_1003.tar.bz2
https://conda.anaconda.org/conda-forge/noarch/fastprogress-1.0.0-py_0.tar.bz2
https://conda.anaconda.org/conda-forge/noarch/fsspec-2021.11.1-pyhd8ed1ab_0.tar.bz2
https://conda.anaconda.org/conda-forge/noarch/geojson-2.5.0-py_0.tar.bz2
https://conda.anaconda.org/conda-forge/noarch/heapdict-1.0.1-py_0.tar.bz2
https://conda.anaconda.org/conda-forge/noarch/idna-3.1-pyhd3deb0d_0.tar.bz2
https://conda.anaconda.org/conda-forge/osx-64/lcms2-2.12-h577c468_0.tar.bz2
https://conda.anaconda.org/conda-forge/osx-64/libblas-3.9.0-12_osx64_openblas.tar.bz2
https://conda.anaconda.org/conda-forge/osx-64/libcurl-7.80.0-hf45b732_1.tar.bz2
https://conda.anaconda.org/conda-forge/noarch/locket-0.2.0-py_2.tar.bz2
https://conda.anaconda.org/conda-forge/noarch/monotonic-1.5-py_0.tar.bz2
https://conda.anaconda.org/conda-forge/noarch/munkres-1.1.4-pyh9f0ad1d_0.tar.bz2
https://conda.anaconda.org/conda-forge/noarch/olefile-0.46-pyh9f0ad1d_1.tar.bz2
https://conda.anaconda.org/conda-forge/osx-64/openjpeg-2.4.0-h6e7aa92_1.tar.bz2
https://conda.anaconda.org/conda-forge/noarch/param-1.12.0-pyh6c4a22f_0.tar.bz2
https://conda.anaconda.org/conda-forge/noarch/pycparser-2.21-pyhd8ed1ab_0.tar.bz2
https://conda.anaconda.org/conda-forge/noarch/pyke-1.1.1-pyhd8ed1ab_1004.tar.bz2
https://conda.anaconda.org/conda-forge/noarch/pyparsing-3.0.6-pyhd8ed1ab_0.tar.bz2
https://conda.anaconda.org/conda-forge/noarch/pyshp-2.1.3-pyh44b312d_0.tar.bz2
https://conda.anaconda.org/conda-forge/osx-64/python_abi-3.9-2_cp39.tar.bz2
https://conda.anaconda.org/conda-forge/noarch/pytz-2021.3-pyhd8ed1ab_0.tar.bz2
https://conda.anaconda.org/conda-forge/noarch/six-1.16.0-pyh6c4a22f_0.tar.bz2
https://conda.anaconda.org/conda-forge/noarch/sortedcontainers-2.4.0-pyhd8ed1ab_0.tar.bz2
https://conda.anaconda.org/conda-forge/noarch/tblib-1.7.0-pyhd8ed1ab_0.tar.bz2
https://conda.anaconda.org/conda-forge/noarch/toolz-0.11.2-pyhd8ed1ab_0.tar.bz2
https://conda.anaconda.org/conda-forge/noarch/typing_extensions-4.0.1-pyha770c72_0.tar.bz2
https://conda.anaconda.org/conda-forge/noarch/wheel-0.37.0-pyhd8ed1ab_1.tar.bz2
https://conda.anaconda.org/conda-forge/noarch/zipp-3.6.0-pyhd8ed1ab_0.tar.bz2
https://conda.anaconda.org/conda-forge/osx-64/antlr-python-runtime-4.7.2-py39h6e9494a_1003.tar.bz2
https://conda.anaconda.org/conda-forge/noarch/cached-property-1.5.2-hd8ed1ab_1.tar.bz2
https://conda.anaconda.org/conda-forge/osx-64/certifi-2021.10.8-py39h6e9494a_1.tar.bz2
https://conda.anaconda.org/conda-forge/osx-64/cffi-1.15.0-py39he338e87_0.tar.bz2
https://conda.anaconda.org/conda-forge/osx-64/click-8.0.3-py39h6e9494a_1.tar.bz2
https://conda.anaconda.org/conda-forge/osx-64/curl-7.80.0-hf45b732_1.tar.bz2
https://conda.anaconda.org/conda-forge/osx-64/cytoolz-0.11.2-py39h89e85a6_1.tar.bz2
https://conda.anaconda.org/conda-forge/noarch/fasteners-0.16-pyhd8ed1ab_0.tar.bz2
https://conda.anaconda.org/conda-forge/osx-64/fonttools-4.28.3-py39h89e85a6_0.tar.bz2
https://conda.anaconda.org/conda-forge/osx-64/hdf5-1.12.1-nompi_h2f0ef1a_103.tar.bz2
https://conda.anaconda.org/conda-forge/osx-64/importlib-metadata-4.8.2-py39h6e9494a_0.tar.bz2
https://conda.anaconda.org/conda-forge/osx-64/kiwisolver-1.3.2-py39hf018cea_1.tar.bz2
https://conda.anaconda.org/conda-forge/osx-64/libcblas-3.9.0-12_osx64_openblas.tar.bz2
https://conda.anaconda.org/conda-forge/osx-64/liblapack-3.9.0-12_osx64_openblas.tar.bz2
https://conda.anaconda.org/conda-forge/osx-64/llvmlite-0.37.0-py39h798a4f4_1.tar.bz2
https://conda.anaconda.org/conda-forge/osx-64/markupsafe-2.0.1-py39h89e85a6_1.tar.bz2
https://conda.anaconda.org/conda-forge/osx-64/msgpack-python-1.0.3-py39hf018cea_0.tar.bz2
https://conda.anaconda.org/conda-forge/noarch/multipledispatch-0.6.0-py_0.tar.bz2
https://conda.anaconda.org/conda-forge/noarch/packaging-21.3-pyhd8ed1ab_0.tar.bz2
https://conda.anaconda.org/conda-forge/noarch/partd-1.2.0-pyhd8ed1ab_0.tar.bz2
https://conda.anaconda.org/conda-forge/osx-64/pillow-8.4.0-py39he9bb72f_0.tar.bz2
https://conda.anaconda.org/conda-forge/osx-64/proj-8.2.0-h1512c50_0.tar.bz2
https://conda.anaconda.org/conda-forge/osx-64/psutil-5.8.0-py39h89e85a6_2.tar.bz2
https://conda.anaconda.org/conda-forge/noarch/pyct-core-0.4.6-py_0.tar.bz2
https://conda.anaconda.org/conda-forge/osx-64/pysocks-1.7.1-py39h6e9494a_4.tar.bz2
https://conda.anaconda.org/conda-forge/noarch/python-dateutil-2.8.2-pyhd8ed1ab_0.tar.bz2
https://conda.anaconda.org/conda-forge/osx-64/python-xxhash-2.0.2-py39h89e85a6_1.tar.bz2
https://conda.anaconda.org/conda-forge/osx-64/pyyaml-6.0-py39h89e85a6_3.tar.bz2
https://conda.anaconda.org/conda-forge/osx-64/setuptools-59.4.0-py39h6e9494a_0.tar.bz2
https://conda.anaconda.org/conda-forge/osx-64/tornado-6.1-py39h89e85a6_2.tar.bz2
https://conda.anaconda.org/conda-forge/noarch/zict-2.0.0-py_0.tar.bz2
https://conda.anaconda.org/conda-forge/osx-64/brotlipy-0.7.0-py39h89e85a6_1003.tar.bz2
https://conda.anaconda.org/conda-forge/osx-64/cryptography-36.0.0-py39h209aa08_0.tar.bz2
https://conda.anaconda.org/conda-forge/noarch/dask-core-2021.11.2-pyhd8ed1ab_0.tar.bz2
https://conda.anaconda.org/conda-forge/noarch/importlib_metadata-4.8.2-hd8ed1ab_0.tar.bz2
https://conda.anaconda.org/conda-forge/noarch/jinja2-3.0.3-pyhd8ed1ab_0.tar.bz2
https://conda.anaconda.org/conda-forge/osx-64/libnetcdf-4.8.1-nompi_h6609ca0_101.tar.bz2
https://conda.anaconda.org/conda-forge/osx-64/numpy-1.20.3-py39h7eed0ac_1.tar.bz2
https://conda.anaconda.org/conda-forge/noarch/pip-21.3.1-pyhd8ed1ab_0.tar.bz2
https://conda.anaconda.org/conda-forge/osx-64/pyproj-3.3.0-py39hf9f0841_0.tar.bz2
https://conda.anaconda.org/conda-forge/osx-64/bokeh-2.4.2-py39h6e9494a_0.tar.bz2
https://conda.anaconda.org/conda-forge/osx-64/cftime-1.5.1.1-py39hc89836e_1.tar.bz2
https://conda.anaconda.org/conda-forge/noarch/datashape-0.5.4-py_1.tar.bz2
https://conda.anaconda.org/conda-forge/osx-64/distributed-2021.11.2-py39h6e9494a_0.tar.bz2
https://conda.anaconda.org/conda-forge/osx-64/eccodes-2.24.0-hc3a1e3d_0.tar.bz2
https://conda.anaconda.org/conda-forge/osx-64/h5py-3.6.0-nompi_py39hbc6cb89_100.tar.bz2
https://conda.anaconda.org/conda-forge/osx-64/matplotlib-base-3.5.0-py39hb07454d_0.tar.bz2
https://conda.anaconda.org/conda-forge/osx-64/numba-0.54.1-py39h58500fb_0.tar.bz2
https://conda.anaconda.org/conda-forge/osx-64/numcodecs-0.9.1-py39h9fcab8e_2.tar.bz2
https://conda.anaconda.org/conda-forge/osx-64/pandas-1.3.4-py39h4d6be9b_1.tar.bz2
https://conda.anaconda.org/conda-forge/noarch/pyopenssl-21.0.0-pyhd8ed1ab_0.tar.bz2
https://conda.anaconda.org/conda-forge/osx-64/scipy-1.7.3-py39h056f1c0_0.tar.bz2
https://conda.anaconda.org/conda-forge/osx-64/shapely-1.8.0-py39h14969ae_4.tar.bz2
https://conda.anaconda.org/conda-forge/osx-64/cartopy-0.20.1-py39hb41de3a_5.tar.bz2
https://conda.anaconda.org/conda-forge/osx-64/cf-units-3.0.1-py39hc89836e_1.tar.bz2
https://conda.anaconda.org/conda-forge/noarch/dask-2021.11.2-pyhd8ed1ab_0.tar.bz2
https://conda.anaconda.org/conda-forge/noarch/h5netcdf-0.11.0-pyhd8ed1ab_0.tar.bz2
https://conda.anaconda.org/conda-forge/osx-64/netcdf4-1.5.8-nompi_py39he7d1c46_101.tar.bz2
https://conda.anaconda.org/conda-forge/osx-64/pygrib-2.1.4-py39h23da674_4.tar.bz2
https://conda.anaconda.org/conda-forge/noarch/urllib3-1.26.7-pyhd8ed1ab_0.tar.bz2
https://conda.anaconda.org/conda-forge/noarch/xarray-0.20.1-pyhd8ed1ab_0.tar.bz2
https://conda.anaconda.org/conda-forge/noarch/zarr-2.10.3-pyhd8ed1ab_0.tar.bz2
https://conda.anaconda.org/conda-forge/osx-64/iris-2.4.0-py39h6e9494a_1.tar.bz2
https://conda.anaconda.org/conda-forge/noarch/requests-2.26.0-pyhd8ed1ab_1.tar.bz2
https://conda.anaconda.org/conda-forge/noarch/intake-0.6.4-pyhd8ed1ab_0.tar.bz2
https://conda.anaconda.org/conda-forge/noarch/pyct-0.4.6-py_0.tar.bz2
https://conda.anaconda.org/conda-forge/noarch/colorcet-3.0.0-pyhd8ed1ab_0.tar.bz2
https://conda.anaconda.org/conda-forge/noarch/intake-esm-2021.8.17-pyhd8ed1ab_0.tar.bz2
https://conda.anaconda.org/conda-forge/noarch/datashader-0.13.0-pyh6c4a22f_0.tar.bz2
